
Microsoft Visual Studio Solution File, Format Version 12.00
# Visual Studio Version 16
VisualStudioVersion = 16.0.31727.386
MinimumVisualStudioVersion = 10.0.40219.1
Project("{FAE04EC0-301F-11D3-BF4B-00C04F79EFBC}") = "ServerConfigForm-P5-20190140131", "ServerConfigForm-P5-20190140131\ServerConfigForm-P5-20190140131.csproj", "{7E385CEE-115E-411D-B7A7-3FB409AF5A1F}"
EndProject
Global
	GlobalSection(SolutionConfigurationPlatforms) = preSolution
		Debug|Any CPU = Debug|Any CPU
		Release|Any CPU = Release|Any CPU
	EndGlobalSection
	GlobalSection(ProjectConfigurationPlatforms) = postSolution
		{7E385CEE-115E-411D-B7A7-3FB409AF5A1F}.Debug|Any CPU.ActiveCfg = Debug|Any CPU
		{7E385CEE-115E-411D-B7A7-3FB409AF5A1F}.Debug|Any CPU.Build.0 = Debug|Any CPU
		{7E385CEE-115E-411D-B7A7-3FB409AF5A1F}.Release|Any CPU.ActiveCfg = Release|Any CPU
		{7E385CEE-115E-411D-B7A7-3FB409AF5A1F}.Release|Any CPU.Build.0 = Release|Any CPU
	EndGlobalSection
	GlobalSection(SolutionProperties) = preSolution
		HideSolutionNode = FALSE
	EndGlobalSection
	GlobalSection(ExtensibilityGlobals) = postSolution
		SolutionGuid = {0CCF43F1-CBA8-4148-B25D-CD72BEA0ED94}
	EndGlobalSection
EndGlobal
